// !$*UTF8*$!
{
	archiveVersion = 1;
	classes = {
	};
	objectVersion = 46;
	objects = {

/* Begin PBXBuildFile section */
		ED151EDC15E6814700F3966E /* BallDropStartUpViewController.m in Sources */ = {isa = PBXBuildFile; fileRef = ED151EDA15E6814700F3966E /* BallDropStartUpViewController.m */; };
		ED151EDD15E6814700F3966E /* BallDropStartUpViewController.xib in Resources */ = {isa = PBXBuildFile; fileRef = ED151EDB15E6814700F3966E /* BallDropStartUpViewController.xib */; };
		ED151F4815E68EC500F3966E /* Bass1.m4a in Resources */ = {isa = PBXBuildFile; fileRef = ED151F2615E68EC500F3966E /* Bass1.m4a */; };
		ED151F4915E68EC500F3966E /* Bass2.m4a in Resources */ = {isa = PBXBuildFile; fileRef = ED151F2715E68EC500F3966E /* Bass2.m4a */; };
		ED151F4A15E68EC500F3966E /* Bass3.m4a in Resources */ = {isa = PBXBuildFile; fileRef = ED151F2815E68EC500F3966E /* Bass3.m4a */; };
		ED151F4B15E68EC500F3966E /* Bass4.m4a in Resources */ = {isa = PBXBuildFile; fileRef = ED151F2915E68EC500F3966E /* Bass4.m4a */; };
		ED151F4C15E68EC500F3966E /* Bass5.m4a in Resources */ = {isa = PBXBuildFile; fileRef = ED151F2A15E68EC500F3966E /* Bass5.m4a */; };
		ED151F4D15E68EC500F3966E /* Bass6.m4a in Resources */ = {isa = PBXBuildFile; fileRef = ED151F2B15E68EC500F3966E /* Bass6.m4a */; };
		ED151F4E15E68EC500F3966E /* Bass7.m4a in Resources */ = {isa = PBXBuildFile; fileRef = ED151F2C15E68EC500F3966E /* Bass7.m4a */; };
		ED151F4F15E68EC500F3966E /* Bass8.m4a in Resources */ = {isa = PBXBuildFile; fileRef = ED151F2D15E68EC500F3966E /* Bass8.m4a */; };
		ED151F5015E68EC500F3966E /* Bass9.m4a in Resources */ = {isa = PBXBuildFile; fileRef = ED151F2E15E68EC500F3966E /* Bass9.m4a */; };
		ED151F5115E68EC500F3966E /* Bass10.m4a in Resources */ = {isa = PBXBuildFile; fileRef = ED151F2F15E68EC500F3966E /* Bass10.m4a */; };
		ED151F5215E68EC500F3966E /* Bass11.m4a in Resources */ = {isa = PBXBuildFile; fileRef = ED151F3015E68EC500F3966E /* Bass11.m4a */; };
		ED151F5315E68EC500F3966E /* Bass12.m4a in Resources */ = {isa = PBXBuildFile; fileRef = ED151F3115E68EC500F3966E /* Bass12.m4a */; };
		ED151F5415E68EC500F3966E /* Bass13.m4a in Resources */ = {isa = PBXBuildFile; fileRef = ED151F3215E68EC500F3966E /* Bass13.m4a */; };
		ED151F5515E68EC500F3966E /* Bell1.m4a in Resources */ = {isa = PBXBuildFile; fileRef = ED151F3315E68EC500F3966E /* Bell1.m4a */; };
		ED151F5615E68EC500F3966E /* Bell2.m4a in Resources */ = {isa = PBXBuildFile; fileRef = ED151F3415E68EC500F3966E /* Bell2.m4a */; };
		ED151F5715E68EC500F3966E /* Bell3.m4a in Resources */ = {isa = PBXBuildFile; fileRef = ED151F3515E68EC500F3966E /* Bell3.m4a */; };
		ED151F5815E68EC500F3966E /* Bell4.m4a in Resources */ = {isa = PBXBuildFile; fileRef = ED151F3615E68EC500F3966E /* Bell4.m4a */; };
		ED151F5915E68EC500F3966E /* Bell5.m4a in Resources */ = {isa = PBXBuildFile; fileRef = ED151F3715E68EC500F3966E /* Bell5.m4a */; };
		ED151F5A15E68EC500F3966E /* Bell6.m4a in Resources */ = {isa = PBXBuildFile; fileRef = ED151F3815E68EC500F3966E /* Bell6.m4a */; };
		ED151F5B15E68EC500F3966E /* Bell7.m4a in Resources */ = {isa = PBXBuildFile; fileRef = ED151F3915E68EC500F3966E /* Bell7.m4a */; };
		ED151F5C15E68EC500F3966E /* Bell8.m4a in Resources */ = {isa = PBXBuildFile; fileRef = ED151F3A15E68EC500F3966E /* Bell8.m4a */; };
		ED151F5D15E68EC500F3966E /* Bell9.m4a in Resources */ = {isa = PBXBuildFile; fileRef = ED151F3B15E68EC500F3966E /* Bell9.m4a */; };
		ED151F5E15E68EC500F3966E /* Bell10.m4a in Resources */ = {isa = PBXBuildFile; fileRef = ED151F3C15E68EC500F3966E /* Bell10.m4a */; };
		ED151F5F15E68EC500F3966E /* Bell11.m4a in Resources */ = {isa = PBXBuildFile; fileRef = ED151F3D15E68EC500F3966E /* Bell11.m4a */; };
		ED151F6015E68EC500F3966E /* Bell12.m4a in Resources */ = {isa = PBXBuildFile; fileRef = ED151F3E15E68EC500F3966E /* Bell12.m4a */; };
		ED151F6115E68EC500F3966E /* Bell13.m4a in Resources */ = {isa = PBXBuildFile; fileRef = ED151F3F15E68EC500F3966E /* Bell13.m4a */; };
		ED151F6215E68EC500F3966E /* Drum0.m4a in Resources */ = {isa = PBXBuildFile; fileRef = ED151F4015E68EC500F3966E /* Drum0.m4a */; };
		ED151F6315E68EC500F3966E /* Drum1.m4a in Resources */ = {isa = PBXBuildFile; fileRef = ED151F4115E68EC500F3966E /* Drum1.m4a */; };
		ED151F6415E68EC500F3966E /* Drum2.m4a in Resources */ = {isa = PBXBuildFile; fileRef = ED151F4215E68EC500F3966E /* Drum2.m4a */; };
		ED151F6515E68EC500F3966E /* Drum3.m4a in Resources */ = {isa = PBXBuildFile; fileRef = ED151F4315E68EC500F3966E /* Drum3.m4a */; };
		ED151F6615E68EC500F3966E /* Drum4.m4a in Resources */ = {isa = PBXBuildFile; fileRef = ED151F4415E68EC500F3966E /* Drum4.m4a */; };
		ED151F6715E68EC500F3966E /* Drum5.m4a in Resources */ = {isa = PBXBuildFile; fileRef = ED151F4515E68EC500F3966E /* Drum5.m4a */; };
		ED151F6815E68EC500F3966E /* Drum6.m4a in Resources */ = {isa = PBXBuildFile; fileRef = ED151F4615E68EC500F3966E /* Drum6.m4a */; };
		ED151F6915E68EC500F3966E /* Drum7.m4a in Resources */ = {isa = PBXBuildFile; fileRef = ED151F4715E68EC500F3966E /* Drum7.m4a */; };
		ED151F6F15E6918000F3966E /* AudioToolbox.framework in Frameworks */ = {isa = PBXBuildFile; fileRef = ED151F6E15E6918000F3966E /* AudioToolbox.framework */; };
		ED86FC7C15E7CD41005BC7F6 /* BallDropPhysics.m in Sources */ = {isa = PBXBuildFile; fileRef = ED86FC7A15E7CD41005BC7F6 /* BallDropPhysics.m */; };
		EDD581F215E6668D00D211A2 /* BallDropModel.m in Sources */ = {isa = PBXBuildFile; fileRef = EDD581F115E6668D00D211A2 /* BallDropModel.m */; };
		EDD581F615E6677A00D211A2 /* BallDropSound.m in Sources */ = {isa = PBXBuildFile; fileRef = EDD581F515E6677A00D211A2 /* BallDropSound.m */; };
		F79DCDE615DA4A32009EFF09 /* UIKit.framework in Frameworks */ = {isa = PBXBuildFile; fileRef = F79DCDE515DA4A32009EFF09 /* UIKit.framework */; };
		F79DCDE815DA4A32009EFF09 /* Foundation.framework in Frameworks */ = {isa = PBXBuildFile; fileRef = F79DCDE715DA4A32009EFF09 /* Foundation.framework */; };
		F79DCDEA15DA4A32009EFF09 /* CoreGraphics.framework in Frameworks */ = {isa = PBXBuildFile; fileRef = F79DCDE915DA4A32009EFF09 /* CoreGraphics.framework */; };
		F79DCDF015DA4A32009EFF09 /* InfoPlist.strings in Resources */ = {isa = PBXBuildFile; fileRef = F79DCDEE15DA4A32009EFF09 /* InfoPlist.strings */; };
		F79DCDF215DA4A32009EFF09 /* main.m in Sources */ = {isa = PBXBuildFile; fileRef = F79DCDF115DA4A32009EFF09 /* main.m */; };
		F79DCDF615DA4A32009EFF09 /* BallDropAppDelegate.m in Sources */ = {isa = PBXBuildFile; fileRef = F79DCDF515DA4A32009EFF09 /* BallDropAppDelegate.m */; };
		F79DCDF915DA4A32009EFF09 /* MainStoryboard.storyboard in Resources */ = {isa = PBXBuildFile; fileRef = F79DCDF715DA4A32009EFF09 /* MainStoryboard.storyboard */; };
		F79DCDFC15DA4A32009EFF09 /* BallDropViewController.m in Sources */ = {isa = PBXBuildFile; fileRef = F79DCDFB15DA4A32009EFF09 /* BallDropViewController.m */; };
		F7D50EC215E5BE7300CE05A8 /* GLKit.framework in Frameworks */ = {isa = PBXBuildFile; fileRef = F7D50EC015E5BE7300CE05A8 /* GLKit.framework */; };
		F7D50EC315E5BE7300CE05A8 /* OpenGLES.framework in Frameworks */ = {isa = PBXBuildFile; fileRef = F7D50EC115E5BE7300CE05A8 /* OpenGLES.framework */; };
/* End PBXBuildFile section */

/* Begin PBXFileReference section */
		ED151ED915E6814700F3966E /* BallDropStartUpViewController.h */ = {isa = PBXFileReference; fileEncoding = 4; lastKnownFileType = sourcecode.c.h; path = BallDropStartUpViewController.h; sourceTree = SOURCE_ROOT; };
		ED151EDA15E6814700F3966E /* BallDropStartUpViewController.m */ = {isa = PBXFileReference; fileEncoding = 4; lastKnownFileType = sourcecode.c.objc; path = BallDropStartUpViewController.m; sourceTree = SOURCE_ROOT; };
		ED151EDB15E6814700F3966E /* BallDropStartUpViewController.xib */ = {isa = PBXFileReference; fileEncoding = 4; lastKnownFileType = file.xib; path = BallDropStartUpViewController.xib; sourceTree = SOURCE_ROOT; };
		ED151F2615E68EC500F3966E /* Bass1.m4a */ = {isa = PBXFileReference; lastKnownFileType = file; path = Bass1.m4a; sourceTree = "<group>"; };
		ED151F2715E68EC500F3966E /* Bass2.m4a */ = {isa = PBXFileReference; lastKnownFileType = file; path = Bass2.m4a; sourceTree = "<group>"; };
		ED151F2815E68EC500F3966E /* Bass3.m4a */ = {isa = PBXFileReference; lastKnownFileType = file; path = Bass3.m4a; sourceTree = "<group>"; };
		ED151F2915E68EC500F3966E /* Bass4.m4a */ = {isa = PBXFileReference; lastKnownFileType = file; path = Bass4.m4a; sourceTree = "<group>"; };
		ED151F2A15E68EC500F3966E /* Bass5.m4a */ = {isa = PBXFileReference; lastKnownFileType = file; path = Bass5.m4a; sourceTree = "<group>"; };
		ED151F2B15E68EC500F3966E /* Bass6.m4a */ = {isa = PBXFileReference; lastKnownFileType = file; path = Bass6.m4a; sourceTree = "<group>"; };
		ED151F2C15E68EC500F3966E /* Bass7.m4a */ = {isa = PBXFileReference; lastKnownFileType = file; path = Bass7.m4a; sourceTree = "<group>"; };
		ED151F2D15E68EC500F3966E /* Bass8.m4a */ = {isa = PBXFileReference; lastKnownFileType = file; path = Bass8.m4a; sourceTree = "<group>"; };
		ED151F2E15E68EC500F3966E /* Bass9.m4a */ = {isa = PBXFileReference; lastKnownFileType = file; path = Bass9.m4a; sourceTree = "<group>"; };
		ED151F2F15E68EC500F3966E /* Bass10.m4a */ = {isa = PBXFileReference; lastKnownFileType = file; path = Bass10.m4a; sourceTree = "<group>"; };
		ED151F3015E68EC500F3966E /* Bass11.m4a */ = {isa = PBXFileReference; lastKnownFileType = file; path = Bass11.m4a; sourceTree = "<group>"; };
		ED151F3115E68EC500F3966E /* Bass12.m4a */ = {isa = PBXFileReference; lastKnownFileType = file; path = Bass12.m4a; sourceTree = "<group>"; };
		ED151F3215E68EC500F3966E /* Bass13.m4a */ = {isa = PBXFileReference; lastKnownFileType = file; path = Bass13.m4a; sourceTree = "<group>"; };
		ED151F3315E68EC500F3966E /* Bell1.m4a */ = {isa = PBXFileReference; lastKnownFileType = file; path = Bell1.m4a; sourceTree = "<group>"; };
		ED151F3415E68EC500F3966E /* Bell2.m4a */ = {isa = PBXFileReference; lastKnownFileType = file; path = Bell2.m4a; sourceTree = "<group>"; };
		ED151F3515E68EC500F3966E /* Bell3.m4a */ = {isa = PBXFileReference; lastKnownFileType = file; path = Bell3.m4a; sourceTree = "<group>"; };
		ED151F3615E68EC500F3966E /* Bell4.m4a */ = {isa = PBXFileReference; lastKnownFileType = file; path = Bell4.m4a; sourceTree = "<group>"; };
		ED151F3715E68EC500F3966E /* Bell5.m4a */ = {isa = PBXFileReference; lastKnownFileType = file; path = Bell5.m4a; sourceTree = "<group>"; };
		ED151F3815E68EC500F3966E /* Bell6.m4a */ = {isa = PBXFileReference; lastKnownFileType = file; path = Bell6.m4a; sourceTree = "<group>"; };
		ED151F3915E68EC500F3966E /* Bell7.m4a */ = {isa = PBXFileReference; lastKnownFileType = file; path = Bell7.m4a; sourceTree = "<group>"; };
		ED151F3A15E68EC500F3966E /* Bell8.m4a */ = {isa = PBXFileReference; lastKnownFileType = file; path = Bell8.m4a; sourceTree = "<group>"; };
		ED151F3B15E68EC500F3966E /* Bell9.m4a */ = {isa = PBXFileReference; lastKnownFileType = file; path = Bell9.m4a; sourceTree = "<group>"; };
		ED151F3C15E68EC500F3966E /* Bell10.m4a */ = {isa = PBXFileReference; lastKnownFileType = file; path = Bell10.m4a; sourceTree = "<group>"; };
		ED151F3D15E68EC500F3966E /* Bell11.m4a */ = {isa = PBXFileReference; lastKnownFileType = file; path = Bell11.m4a; sourceTree = "<group>"; };
		ED151F3E15E68EC500F3966E /* Bell12.m4a */ = {isa = PBXFileReference; lastKnownFileType = file; path = Bell12.m4a; sourceTree = "<group>"; };
		ED151F3F15E68EC500F3966E /* Bell13.m4a */ = {isa = PBXFileReference; lastKnownFileType = file; path = Bell13.m4a; sourceTree = "<group>"; };
		ED151F4015E68EC500F3966E /* Drum0.m4a */ = {isa = PBXFileReference; lastKnownFileType = file; path = Drum0.m4a; sourceTree = "<group>"; };
		ED151F4115E68EC500F3966E /* Drum1.m4a */ = {isa = PBXFileReference; lastKnownFileType = file; path = Drum1.m4a; sourceTree = "<group>"; };
		ED151F4215E68EC500F3966E /* Drum2.m4a */ = {isa = PBXFileReference; lastKnownFileType = file; path = Drum2.m4a; sourceTree = "<group>"; };
		ED151F4315E68EC500F3966E /* Drum3.m4a */ = {isa = PBXFileReference; lastKnownFileType = file; path = Drum3.m4a; sourceTree = "<group>"; };
		ED151F4415E68EC500F3966E /* Drum4.m4a */ = {isa = PBXFileReference; lastKnownFileType = file; path = Drum4.m4a; sourceTree = "<group>"; };
		ED151F4515E68EC500F3966E /* Drum5.m4a */ = {isa = PBXFileReference; lastKnownFileType = file; path = Drum5.m4a; sourceTree = "<group>"; };
		ED151F4615E68EC500F3966E /* Drum6.m4a */ = {isa = PBXFileReference; lastKnownFileType = file; path = Drum6.m4a; sourceTree = "<group>"; };
		ED151F4715E68EC500F3966E /* Drum7.m4a */ = {isa = PBXFileReference; lastKnownFileType = file; path = Drum7.m4a; sourceTree = "<group>"; };
		ED151F6E15E6918000F3966E /* AudioToolbox.framework */ = {isa = PBXFileReference; lastKnownFileType = wrapper.framework; name = AudioToolbox.framework; path = System/Library/Frameworks/AudioToolbox.framework; sourceTree = SDKROOT; };
		ED86FC7A15E7CD41005BC7F6 /* BallDropPhysics.m */ = {isa = PBXFileReference; fileEncoding = 4; lastKnownFileType = sourcecode.c.objc; path = BallDropPhysics.m; sourceTree = "<group>"; };
		ED86FC7B15E7CD41005BC7F6 /* BallDropPhysics.h */ = {isa = PBXFileReference; fileEncoding = 4; lastKnownFileType = sourcecode.c.h; path = BallDropPhysics.h; sourceTree = "<group>"; };
		EDD581F015E6668D00D211A2 /* BallDropModel.h */ = {isa = PBXFileReference; fileEncoding = 4; lastKnownFileType = sourcecode.c.h; path = BallDropModel.h; sourceTree = "<group>"; };
		EDD581F115E6668D00D211A2 /* BallDropModel.m */ = {isa = PBXFileReference; fileEncoding = 4; lastKnownFileType = sourcecode.c.objc; path = BallDropModel.m; sourceTree = "<group>"; };
		EDD581F415E6677A00D211A2 /* BallDropSound.h */ = {isa = PBXFileReference; fileEncoding = 4; lastKnownFileType = sourcecode.c.h; path = BallDropSound.h; sourceTree = "<group>"; };
		EDD581F515E6677A00D211A2 /* BallDropSound.m */ = {isa = PBXFileReference; fileEncoding = 4; lastKnownFileType = sourcecode.c.objc; path = BallDropSound.m; sourceTree = "<group>"; };
		F79DCDE115DA4A32009EFF09 /* BallDrop.app */ = {isa = PBXFileReference; explicitFileType = wrapper.application; includeInIndex = 0; path = BallDrop.app; sourceTree = BUILT_PRODUCTS_DIR; };
		F79DCDE515DA4A32009EFF09 /* UIKit.framework */ = {isa = PBXFileReference; lastKnownFileType = wrapper.framework; name = UIKit.framework; path = System/Library/Frameworks/UIKit.framework; sourceTree = SDKROOT; };
		F79DCDE715DA4A32009EFF09 /* Foundation.framework */ = {isa = PBXFileReference; lastKnownFileType = wrapper.framework; name = Foundation.framework; path = System/Library/Frameworks/Foundation.framework; sourceTree = SDKROOT; };
		F79DCDE915DA4A32009EFF09 /* CoreGraphics.framework */ = {isa = PBXFileReference; lastKnownFileType = wrapper.framework; name = CoreGraphics.framework; path = System/Library/Frameworks/CoreGraphics.framework; sourceTree = SDKROOT; };
		F79DCDED15DA4A32009EFF09 /* BallDrop-Info.plist */ = {isa = PBXFileReference; lastKnownFileType = text.plist.xml; path = "BallDrop-Info.plist"; sourceTree = "<group>"; };
		F79DCDEF15DA4A32009EFF09 /* en */ = {isa = PBXFileReference; lastKnownFileType = text.plist.strings; name = en; path = en.lproj/InfoPlist.strings; sourceTree = "<group>"; };
		F79DCDF115DA4A32009EFF09 /* main.m */ = {isa = PBXFileReference; lastKnownFileType = sourcecode.c.objc; path = main.m; sourceTree = "<group>"; };
		F79DCDF315DA4A32009EFF09 /* BallDrop-Prefix.pch */ = {isa = PBXFileReference; lastKnownFileType = sourcecode.c.h; path = "BallDrop-Prefix.pch"; sourceTree = "<group>"; };
		F79DCDF415DA4A32009EFF09 /* BallDropAppDelegate.h */ = {isa = PBXFileReference; lastKnownFileType = sourcecode.c.h; path = BallDropAppDelegate.h; sourceTree = "<group>"; };
		F79DCDF515DA4A32009EFF09 /* BallDropAppDelegate.m */ = {isa = PBXFileReference; lastKnownFileType = sourcecode.c.objc; path = BallDropAppDelegate.m; sourceTree = "<group>"; };
		F79DCDF815DA4A32009EFF09 /* en */ = {isa = PBXFileReference; lastKnownFileType = file.storyboard; name = en; path = en.lproj/MainStoryboard.storyboard; sourceTree = "<group>"; };
		F79DCDFA15DA4A32009EFF09 /* BallDropViewController.h */ = {isa = PBXFileReference; lastKnownFileType = sourcecode.c.h; path = BallDropViewController.h; sourceTree = "<group>"; };
		F79DCDFB15DA4A32009EFF09 /* BallDropViewController.m */ = {isa = PBXFileReference; lastKnownFileType = sourcecode.c.objc; path = BallDropViewController.m; sourceTree = "<group>"; };
		F7D50EC015E5BE7300CE05A8 /* GLKit.framework */ = {isa = PBXFileReference; lastKnownFileType = wrapper.framework; name = GLKit.framework; path = System/Library/Frameworks/GLKit.framework; sourceTree = SDKROOT; };
		F7D50EC115E5BE7300CE05A8 /* OpenGLES.framework */ = {isa = PBXFileReference; lastKnownFileType = wrapper.framework; name = OpenGLES.framework; path = System/Library/Frameworks/OpenGLES.framework; sourceTree = SDKROOT; };
/* End PBXFileReference section */

/* Begin PBXFrameworksBuildPhase section */
		F79DCDDE15DA4A32009EFF09 /* Frameworks */ = {
			isa = PBXFrameworksBuildPhase;
			buildActionMask = 2147483647;
			files = (
				ED151F6F15E6918000F3966E /* AudioToolbox.framework in Frameworks */,
				F7D50EC215E5BE7300CE05A8 /* GLKit.framework in Frameworks */,
				F7D50EC315E5BE7300CE05A8 /* OpenGLES.framework in Frameworks */,
				F79DCDE615DA4A32009EFF09 /* UIKit.framework in Frameworks */,
				F79DCDE815DA4A32009EFF09 /* Foundation.framework in Frameworks */,
				F79DCDEA15DA4A32009EFF09 /* CoreGraphics.framework in Frameworks */,
			);
			runOnlyForDeploymentPostprocessing = 0;
		};
/* End PBXFrameworksBuildPhase section */

/* Begin PBXGroup section */
		ED151F2215E68DF600F3966E /* Sound Files */ = {
			isa = PBXGroup;
			children = (
				ED151F2515E68E3800F3966E /* Bell */,
				ED151F2415E68E2500F3966E /* Drum */,
				ED151F2315E68E1900F3966E /* Bass */,
			);
			name = "Sound Files";
			sourceTree = "<group>";
		};
		ED151F2315E68E1900F3966E /* Bass */ = {
			isa = PBXGroup;
			children = (
				ED151F2615E68EC500F3966E /* Bass1.m4a */,
				ED151F2715E68EC500F3966E /* Bass2.m4a */,
				ED151F2815E68EC500F3966E /* Bass3.m4a */,
				ED151F2915E68EC500F3966E /* Bass4.m4a */,
				ED151F2A15E68EC500F3966E /* Bass5.m4a */,
				ED151F2B15E68EC500F3966E /* Bass6.m4a */,
				ED151F2C15E68EC500F3966E /* Bass7.m4a */,
				ED151F2D15E68EC500F3966E /* Bass8.m4a */,
				ED151F2E15E68EC500F3966E /* Bass9.m4a */,
				ED151F2F15E68EC500F3966E /* Bass10.m4a */,
				ED151F3015E68EC500F3966E /* Bass11.m4a */,
				ED151F3115E68EC500F3966E /* Bass12.m4a */,
				ED151F3215E68EC500F3966E /* Bass13.m4a */,
			);
			name = Bass;
			sourceTree = "<group>";
		};
		ED151F2415E68E2500F3966E /* Drum */ = {
			isa = PBXGroup;
			children = (
				ED151F4015E68EC500F3966E /* Drum0.m4a */,
				ED151F4115E68EC500F3966E /* Drum1.m4a */,
				ED151F4215E68EC500F3966E /* Drum2.m4a */,
				ED151F4315E68EC500F3966E /* Drum3.m4a */,
				ED151F4415E68EC500F3966E /* Drum4.m4a */,
				ED151F4515E68EC500F3966E /* Drum5.m4a */,
				ED151F4615E68EC500F3966E /* Drum6.m4a */,
				ED151F4715E68EC500F3966E /* Drum7.m4a */,
			);
			name = Drum;
			sourceTree = "<group>";
		};
		ED151F2515E68E3800F3966E /* Bell */ = {
			isa = PBXGroup;
			children = (
				ED151F3315E68EC500F3966E /* Bell1.m4a */,
				ED151F3415E68EC500F3966E /* Bell2.m4a */,
				ED151F3515E68EC500F3966E /* Bell3.m4a */,
				ED151F3615E68EC500F3966E /* Bell4.m4a */,
				ED151F3715E68EC500F3966E /* Bell5.m4a */,
				ED151F3815E68EC500F3966E /* Bell6.m4a */,
				ED151F3915E68EC500F3966E /* Bell7.m4a */,
				ED151F3A15E68EC500F3966E /* Bell8.m4a */,
				ED151F3B15E68EC500F3966E /* Bell9.m4a */,
				ED151F3C15E68EC500F3966E /* Bell10.m4a */,
				ED151F3D15E68EC500F3966E /* Bell11.m4a */,
				ED151F3E15E68EC500F3966E /* Bell12.m4a */,
				ED151F3F15E68EC500F3966E /* Bell13.m4a */,
			);
			name = Bell;
			sourceTree = "<group>";
		};
		F79DCDD615DA4A32009EFF09 = {
			isa = PBXGroup;
			children = (
				ED151F6E15E6918000F3966E /* AudioToolbox.framework */,
				F7D50EC015E5BE7300CE05A8 /* GLKit.framework */,
				F7D50EC115E5BE7300CE05A8 /* OpenGLES.framework */,
				F79DCDEB15DA4A32009EFF09 /* BallDrop */,
				F79DCDE415DA4A32009EFF09 /* Frameworks */,
				F79DCDE215DA4A32009EFF09 /* Products */,
			);
			sourceTree = "<group>";
		};
		F79DCDE215DA4A32009EFF09 /* Products */ = {
			isa = PBXGroup;
			children = (
				F79DCDE115DA4A32009EFF09 /* BallDrop.app */,
			);
			name = Products;
			sourceTree = "<group>";
		};
		F79DCDE415DA4A32009EFF09 /* Frameworks */ = {
			isa = PBXGroup;
			children = (
				F79DCDE515DA4A32009EFF09 /* UIKit.framework */,
				F79DCDE715DA4A32009EFF09 /* Foundation.framework */,
				F79DCDE915DA4A32009EFF09 /* CoreGraphics.framework */,
			);
			name = Frameworks;
			sourceTree = "<group>";
		};
		F79DCDEB15DA4A32009EFF09 /* BallDrop */ = {
			isa = PBXGroup;
			children = (
				ED151F2215E68DF600F3966E /* Sound Files */,
				ED151EDB15E6814700F3966E /* BallDropStartUpViewController.xib */,
				EDD581F415E6677A00D211A2 /* BallDropSound.h */,
				EDD581F515E6677A00D211A2 /* BallDropSound.m */,
				ED86FC7A15E7CD41005BC7F6 /* BallDropPhysics.m */,
				ED86FC7B15E7CD41005BC7F6 /* BallDropPhysics.h */,
				ED151ED915E6814700F3966E /* BallDropStartUpViewController.h */,
				ED151EDA15E6814700F3966E /* BallDropStartUpViewController.m */,
				EDD581F015E6668D00D211A2 /* BallDropModel.h */,
				EDD581F115E6668D00D211A2 /* BallDropModel.m */,
				F79DCDF415DA4A32009EFF09 /* BallDropAppDelegate.h */,
				F79DCDF515DA4A32009EFF09 /* BallDropAppDelegate.m */,
				F79DCDF715DA4A32009EFF09 /* MainStoryboard.storyboard */,
				F79DCDFA15DA4A32009EFF09 /* BallDropViewController.h */,
				F79DCDFB15DA4A32009EFF09 /* BallDropViewController.m */,
				F79DCDEC15DA4A32009EFF09 /* Supporting Files */,
			);
			path = BallDrop;
			sourceTree = "<group>";
		};
		F79DCDEC15DA4A32009EFF09 /* Supporting Files */ = {
			isa = PBXGroup;
			children = (
				F79DCDED15DA4A32009EFF09 /* BallDrop-Info.plist */,
				F79DCDEE15DA4A32009EFF09 /* InfoPlist.strings */,
				F79DCDF115DA4A32009EFF09 /* main.m */,
				F79DCDF315DA4A32009EFF09 /* BallDrop-Prefix.pch */,
			);
			name = "Supporting Files";
			sourceTree = "<group>";
		};
/* End PBXGroup section */

/* Begin PBXNativeTarget section */
		F79DCDE015DA4A32009EFF09 /* BallDrop */ = {
			isa = PBXNativeTarget;
			buildConfigurationList = F79DCDFF15DA4A32009EFF09 /* Build configuration list for PBXNativeTarget "BallDrop" */;
			buildPhases = (
				F79DCDDD15DA4A32009EFF09 /* Sources */,
				F79DCDDE15DA4A32009EFF09 /* Frameworks */,
				F79DCDDF15DA4A32009EFF09 /* Resources */,
			);
			buildRules = (
			);
			dependencies = (
			);
			name = BallDrop;
			productName = BallDrop;
			productReference = F79DCDE115DA4A32009EFF09 /* BallDrop.app */;
			productType = "com.apple.product-type.application";
		};
/* End PBXNativeTarget section */

/* Begin PBXProject section */
		F79DCDD815DA4A32009EFF09 /* Project object */ = {
			isa = PBXProject;
			attributes = {
				CLASSPREFIX = BallDrop;
				LastUpgradeCheck = 0430;
			};
			buildConfigurationList = F79DCDDB15DA4A32009EFF09 /* Build configuration list for PBXProject "BallDrop" */;
			compatibilityVersion = "Xcode 3.2";
			developmentRegion = English;
			hasScannedForEncodings = 0;
			knownRegions = (
				en,
			);
			mainGroup = F79DCDD615DA4A32009EFF09;
			productRefGroup = F79DCDE215DA4A32009EFF09 /* Products */;
			projectDirPath = "";
			projectRoot = "";
			targets = (
				F79DCDE015DA4A32009EFF09 /* BallDrop */,
			);
		};
/* End PBXProject section */

/* Begin PBXResourcesBuildPhase section */
		F79DCDDF15DA4A32009EFF09 /* Resources */ = {
			isa = PBXResourcesBuildPhase;
			buildActionMask = 2147483647;
			files = (
				F79DCDF015DA4A32009EFF09 /* InfoPlist.strings in Resources */,
				F79DCDF915DA4A32009EFF09 /* MainStoryboard.storyboard in Resources */,
				ED151EDD15E6814700F3966E /* BallDropStartUpViewController.xib in Resources */,
				ED151F4815E68EC500F3966E /* Bass1.m4a in Resources */,
				ED151F4915E68EC500F3966E /* Bass2.m4a in Resources */,
				ED151F4A15E68EC500F3966E /* Bass3.m4a in Resources */,
				ED151F4B15E68EC500F3966E /* Bass4.m4a in Resources */,
				ED151F4C15E68EC500F3966E /* Bass5.m4a in Resources */,
				ED151F4D15E68EC500F3966E /* Bass6.m4a in Resources */,
				ED151F4E15E68EC500F3966E /* Bass7.m4a in Resources */,
				ED151F4F15E68EC500F3966E /* Bass8.m4a in Resources */,
				ED151F5015E68EC500F3966E /* Bass9.m4a in Resources */,
				ED151F5115E68EC500F3966E /* Bass10.m4a in Resources */,
				ED151F5215E68EC500F3966E /* Bass11.m4a in Resources */,
				ED151F5315E68EC500F3966E /* Bass12.m4a in Resources */,
				ED151F5415E68EC500F3966E /* Bass13.m4a in Resources */,
				ED151F5515E68EC500F3966E /* Bell1.m4a in Resources */,
				ED151F5615E68EC500F3966E /* Bell2.m4a in Resources */,
				ED151F5715E68EC500F3966E /* Bell3.m4a in Resources */,
				ED151F5815E68EC500F3966E /* Bell4.m4a in Resources */,
				ED151F5915E68EC500F3966E /* Bell5.m4a in Resources */,
				ED151F5A15E68EC500F3966E /* Bell6.m4a in Resources */,
				ED151F5B15E68EC500F3966E /* Bell7.m4a in Resources */,
				ED151F5C15E68EC500F3966E /* Bell8.m4a in Resources */,
				ED151F5D15E68EC500F3966E /* Bell9.m4a in Resources */,
				ED151F5E15E68EC500F3966E /* Bell10.m4a in Resources */,
				ED151F5F15E68EC500F3966E /* Bell11.m4a in Resources */,
				ED151F6015E68EC500F3966E /* Bell12.m4a in Resources */,
				ED151F6115E68EC500F3966E /* Bell13.m4a in Resources */,
				ED151F6215E68EC500F3966E /* Drum0.m4a in Resources */,
				ED151F6315E68EC500F3966E /* Drum1.m4a in Resources */,
				ED151F6415E68EC500F3966E /* Drum2.m4a in Resources */,
				ED151F6515E68EC500F3966E /* Drum3.m4a in Resources */,
				ED151F6615E68EC500F3966E /* Drum4.m4a in Resources */,
				ED151F6715E68EC500F3966E /* Drum5.m4a in Resources */,
				ED151F6815E68EC500F3966E /* Drum6.m4a in Resources */,
				ED151F6915E68EC500F3966E /* Drum7.m4a in Resources */,
			);
			runOnlyForDeploymentPostprocessing = 0;
		};
/* End PBXResourcesBuildPhase section */

/* Begin PBXSourcesBuildPhase section */
		F79DCDDD15DA4A32009EFF09 /* Sources */ = {
			isa = PBXSourcesBuildPhase;
			buildActionMask = 2147483647;
			files = (
				F79DCDF215DA4A32009EFF09 /* main.m in Sources */,
				F79DCDF615DA4A32009EFF09 /* BallDropAppDelegate.m in Sources */,
				F79DCDFC15DA4A32009EFF09 /* BallDropViewController.m in Sources */,
				EDD581F215E6668D00D211A2 /* BallDropModel.m in Sources */,
				EDD581F615E6677A00D211A2 /* BallDropSound.m in Sources */,
				ED151EDC15E6814700F3966E /* BallDropStartUpViewController.m in Sources */,
				ED86FC7C15E7CD41005BC7F6 /* BallDropPhysics.m in Sources */,
			);
			runOnlyForDeploymentPostprocessing = 0;
		};
/* End PBXSourcesBuildPhase section */

/* Begin PBXVariantGroup section */
		F79DCDEE15DA4A32009EFF09 /* InfoPlist.strings */ = {
			isa = PBXVariantGroup;
			children = (
				F79DCDEF15DA4A32009EFF09 /* en */,
			);
			name = InfoPlist.strings;
			sourceTree = "<group>";
		};
		F79DCDF715DA4A32009EFF09 /* MainStoryboard.storyboard */ = {
			isa = PBXVariantGroup;
			children = (
				F79DCDF815DA4A32009EFF09 /* en */,
			);
			name = MainStoryboard.storyboard;
			sourceTree = "<group>";
		};
/* End PBXVariantGroup section */

/* Begin XCBuildConfiguration section */
		F79DCDFD15DA4A32009EFF09 /* Debug */ = {
			isa = XCBuildConfiguration;
			buildSettings = {
				ALWAYS_SEARCH_USER_PATHS = NO;
				ARCHS = "$(ARCHS_STANDARD_32_BIT)";
				CLANG_ENABLE_OBJC_ARC = YES;
				"CODE_SIGN_IDENTITY[sdk=iphoneos*]" = "iPhone Developer";
				COPY_PHASE_STRIP = NO;
				GCC_C_LANGUAGE_STANDARD = gnu99;
				GCC_DYNAMIC_NO_PIC = NO;
				GCC_OPTIMIZATION_LEVEL = 0;
				GCC_PREPROCESSOR_DEFINITIONS = (
					"DEBUG=1",
					"$(inherited)",
				);
				GCC_SYMBOLS_PRIVATE_EXTERN = NO;
				GCC_VERSION = com.apple.compilers.llvm.clang.1_0;
				GCC_WARN_ABOUT_RETURN_TYPE = YES;
				GCC_WARN_UNINITIALIZED_AUTOS = YES;
				GCC_WARN_UNUSED_VARIABLE = YES;
				IPHONEOS_DEPLOYMENT_TARGET = 5.1;
				SDKROOT = iphoneos;
				TARGETED_DEVICE_FAMILY = 2;
			};
			name = Debug;
		};
		F79DCDFE15DA4A32009EFF09 /* Release */ = {
			isa = XCBuildConfiguration;
			buildSettings = {
				ALWAYS_SEARCH_USER_PATHS = NO;
				ARCHS = "$(ARCHS_STANDARD_32_BIT)";
				CLANG_ENABLE_OBJC_ARC = YES;
				"CODE_SIGN_IDENTITY[sdk=iphoneos*]" = "iPhone Developer";
				COPY_PHASE_STRIP = YES;
				GCC_C_LANGUAGE_STANDARD = gnu99;
				GCC_VERSION = com.apple.compilers.llvm.clang.1_0;
				GCC_WARN_ABOUT_RETURN_TYPE = YES;
				GCC_WARN_UNINITIALIZED_AUTOS = YES;
				GCC_WARN_UNUSED_VARIABLE = YES;
				IPHONEOS_DEPLOYMENT_TARGET = 5.1;
				OTHER_CFLAGS = "-DNS_BLOCK_ASSERTIONS=1";
				SDKROOT = iphoneos;
				TARGETED_DEVICE_FAMILY = 2;
				VALIDATE_PRODUCT = YES;
			};
			name = Release;
		};
		F79DCE0015DA4A32009EFF09 /* Debug */ = {
			isa = XCBuildConfiguration;
			buildSettings = {
				GCC_PRECOMPILE_PREFIX_HEADER = YES;
				GCC_PREFIX_HEADER = "BallDrop/BallDrop-Prefix.pch";
				INFOPLIST_FILE = "BallDrop/BallDrop-Info.plist";
				PRODUCT_NAME = "$(TARGET_NAME)";
				WRAPPER_EXTENSION = app;
			};
			name = Debug;
		};
		F79DCE0115DA4A32009EFF09 /* Release */ = {
			isa = XCBuildConfiguration;
			buildSettings = {
				GCC_PRECOMPILE_PREFIX_HEADER = YES;
				GCC_PREFIX_HEADER = "BallDrop/BallDrop-Prefix.pch";
				INFOPLIST_FILE = "BallDrop/BallDrop-Info.plist";
				PRODUCT_NAME = "$(TARGET_NAME)";
				WRAPPER_EXTENSION = app;
			};
			name = Release;
		};
/* End XCBuildConfiguration section */

/* Begin XCConfigurationList section */
		F79DCDDB15DA4A32009EFF09 /* Build configuration list for PBXProject "BallDrop" */ = {
			isa = XCConfigurationList;
			buildConfigurations = (
				F79DCDFD15DA4A32009EFF09 /* Debug */,
				F79DCDFE15DA4A32009EFF09 /* Release */,
			);
			defaultConfigurationIsVisible = 0;
			defaultConfigurationName = Release;
		};
		F79DCDFF15DA4A32009EFF09 /* Build configuration list for PBXNativeTarget "BallDrop" */ = {
			isa = XCConfigurationList;
			buildConfigurations = (
				F79DCE0015DA4A32009EFF09 /* Debug */,
				F79DCE0115DA4A32009EFF09 /* Release */,
			);
			defaultConfigurationIsVisible = 0;
			defaultConfigurationName = Release;
		};
/* End XCConfigurationList section */
	};
	rootObject = F79DCDD815DA4A32009EFF09 /* Project object */;
}
